
Microsoft Visual Studio Solution File, Format Version 12.00
# Visual Studio Version 17
VisualStudioVersion = 17.9.34714.143
MinimumVisualStudioVersion = 10.0.40219.1
Project("{FAE04EC0-301F-11D3-BF4B-00C04F79EFBC}") = "SeleniumCsharp", "SeleniumCsharp\SeleniumCsharp.csproj", "{19EC98C7-3B7E-4061-8D13-C48AB14CF5C2}"
EndProject
Global
	GlobalSection(SolutionConfigurationPlatforms) = preSolution
		Debug|Any CPU = Debug|Any CPU
		Release|Any CPU = Release|Any CPU
	EndGlobalSection
	GlobalSection(ProjectConfigurationPlatforms) = postSolution
		{19EC98C7-3B7E-4061-8D13-C48AB14CF5C2}.Debug|Any CPU.ActiveCfg = Debug|Any CPU
		{19EC98C7-3B7E-4061-8D13-C48AB14CF5C2}.Debug|Any CPU.Build.0 = Debug|Any CPU
		{19EC98C7-3B7E-4061-8D13-C48AB14CF5C2}.Release|Any CPU.ActiveCfg = Release|Any CPU
		{19EC98C7-3B7E-4061-8D13-C48AB14CF5C2}.Release|Any CPU.Build.0 = Release|Any CPU
	EndGlobalSection
	GlobalSection(SolutionProperties) = preSolution
		HideSolutionNode = FALSE
	EndGlobalSection
	GlobalSection(ExtensibilityGlobals) = postSolution
		SolutionGuid = {C5BFAAEF-296A-4393-A644-7CB7EE2FCBCD}
	EndGlobalSection
EndGlobal
